
Microsoft Visual Studio Solution File, Format Version 12.00
# Visual Studio 14
VisualStudioVersion = 14.0.24720.0
MinimumVisualStudioVersion = 10.0.40219.1
Project("{FAE04EC0-301F-11D3-BF4B-00C04F79EFBC}") = "DiceInvaders", "DiceInvaders\DiceInvaders.csproj", "{DAB84E94-952F-4677-913A-3A8E5CB91FD4}"
EndProject
Global
	GlobalSection(SolutionConfigurationPlatforms) = preSolution
		Debug|Any CPU = Debug|Any CPU
		Release|Any CPU = Release|Any CPU
	EndGlobalSection
	GlobalSection(ProjectConfigurationPlatforms) = postSolution
		{DAB84E94-952F-4677-913A-3A8E5CB91FD4}.Debug|Any CPU.ActiveCfg = Debug|Any CPU
		{DAB84E94-952F-4677-913A-3A8E5CB91FD4}.Debug|Any CPU.Build.0 = Debug|Any CPU
		{DAB84E94-952F-4677-913A-3A8E5CB91FD4}.Release|Any CPU.ActiveCfg = Release|Any CPU
		{DAB84E94-952F-4677-913A-3A8E5CB91FD4}.Release|Any CPU.Build.0 = Release|Any CPU
	EndGlobalSection
	GlobalSection(SolutionProperties) = preSolution
		HideSolutionNode = FALSE
	EndGlobalSection
EndGlobal
